
Microsoft Visual Studio Solution File, Format Version 12.00
# Visual Studio Version 16
VisualStudioVersion = 16.0.30225.117
MinimumVisualStudioVersion = 10.0.40219.1
Project("{FAE04EC0-301F-11D3-BF4B-00C04F79EFBC}") = "EducationDproc", "EducationDproc\EducationDproc.csproj", "{3AA390C8-B73A-4908-B897-541877A222D3}"
EndProject
Global
	GlobalSection(SolutionConfigurationPlatforms) = preSolution
		Debug|Any CPU = Debug|Any CPU
		Release|Any CPU = Release|Any CPU
	EndGlobalSection
	GlobalSection(ProjectConfigurationPlatforms) = postSolution
		{3AA390C8-B73A-4908-B897-541877A222D3}.Debug|Any CPU.ActiveCfg = Debug|Any CPU
		{3AA390C8-B73A-4908-B897-541877A222D3}.Debug|Any CPU.Build.0 = Debug|Any CPU
		{3AA390C8-B73A-4908-B897-541877A222D3}.Release|Any CPU.ActiveCfg = Release|Any CPU
		{3AA390C8-B73A-4908-B897-541877A222D3}.Release|Any CPU.Build.0 = Release|Any CPU
	EndGlobalSection
	GlobalSection(SolutionProperties) = preSolution
		HideSolutionNode = FALSE
	EndGlobalSection
	GlobalSection(ExtensibilityGlobals) = postSolution
		SolutionGuid = {75ABF1D8-4E5F-4F38-9C01-98212FE8D1AF}
	EndGlobalSection
EndGlobal
